version = 1
revision = 1
requires-python = ">=3.10"

[[package]]
name = "mojo-arrow-sys"
source = { editable = "." }
dependencies = [
    { name = "ruff" },
]

[package.metadata]
requires-dist = [{ name = "ruff", specifier = ">=0.11.3" }]

[[package]]
name = "ruff"
version = "0.11.3"
source = { registry = "https://pypi.org/simple" }
sdist = { url = "https://files.pythonhosted.org/packages/98/93/f51326459536f64876c932ed26c54fad11775dfda9a690966a8a8a3388d2/ruff-0.11.3.tar.gz", hash = "sha256:8d5fcdb3bb359adc12b757ed832ee743993e7474b9de714bb9ea13c4a8458bf9", size = 3902954 }
wheels = [
    { url = "https://files.pythonhosted.org/packages/55/54/34341a6363405eea37d05d0062d3f4bff4b268b08e8f4f36fb6f4593b653/ruff-0.11.3-py3-none-linux_armv6l.whl", hash = "sha256:cb893a5eedff45071d52565300a20cd4ac088869e156b25e0971cb98c06f5dd7", size = 10097109 },
    { url = "https://files.pythonhosted.org/packages/ee/33/636511dcacae6710660aa1d746c98f1b63d969b5b04fb4dcaf9a3b068a3f/ruff-0.11.3-py3-none-macosx_10_12_x86_64.whl", hash = "sha256:58edd48af0e201e2f494789de80f5b2f2b46c9a2991a12ea031254865d5f6aa3", size = 10896580 },
    { url = "https://files.pythonhosted.org/packages/1c/d0/b196c659fa4c9bea394833fcf1e9ff92a941d59474374e3cbda0ba548d2b/ruff-0.11.3-py3-none-macosx_11_0_arm64.whl", hash = "sha256:520f6ade25cea98b2e5cb29eb0906f6a0339c6b8e28a024583b867f48295f1ed", size = 10235125 },
    { url = "https://files.pythonhosted.org/packages/31/27/8010ce0b5dae8ad994635c2b112df76f10e9747802ac417a68a06349971f/ruff-0.11.3-py3-none-manylinux_2_17_aarch64.manylinux2014_aarch64.whl", hash = "sha256:d1ca4405a93ebbc05e924358f872efceb1498c3d52a989ddf9476712a5480b16", size = 10398941 },
    { url = "https://files.pythonhosted.org/packages/ed/82/0e6eba1371cc221d5a7255a144dc5ab05f13d2aba46224f38b6628781647/ruff-0.11.3-py3-none-manylinux_2_17_armv7l.manylinux2014_armv7l.whl", hash = "sha256:f4341d38775a6be605ce7cd50e951b89de65cbd40acb0399f95b8e1524d604c8", size = 9946629 },
    { url = "https://files.pythonhosted.org/packages/4c/9d/8c03b84476187d48eae3ba5f3b7d550da9b5947ab967d47f832e6141c1b2/ruff-0.11.3-py3-none-manylinux_2_17_i686.manylinux2014_i686.whl", hash = "sha256:72bf5b49e4b546f4bea6c05448ab71919b09cf75363adf5e3bf5276124afd31c", size = 11551896 },
    { url = "https://files.pythonhosted.org/packages/a8/63/cf7915adf71d72ccc95b24f9ea3637311f8efe8221a24400d823607e998a/ruff-0.11.3-py3-none-manylinux_2_17_ppc64.manylinux2014_ppc64.whl", hash = "sha256:9fa791ee6c3629ba7f9ba2c8f2e76178b03f3eaefb920e426302115259819237", size = 12210030 },
    { url = "https://files.pythonhosted.org/packages/9c/b3/2bbfd8aee10de3eed807c9c3d5b48f927efbdada8c0e87a20073f1eb2537/ruff-0.11.3-py3-none-manylinux_2_17_ppc64le.manylinux2014_ppc64le.whl", hash = "sha256:2c81d3fe718f4d303aaa4ccdcd0f43e23bb2127da3353635f718394ca9b26721", size = 11643431 },
    { url = "https://files.pythonhosted.org/packages/5b/00/0343bec91e505be5f6ac1db13ffca0afe691789e1dc263a05a72b931570f/ruff-0.11.3-py3-none-manylinux_2_17_s390x.manylinux2014_s390x.whl", hash = "sha256:4e4c38e9b6c01caaba46b6d8e732791f4c78389a9923319991d55b298017ce02", size = 13834449 },
    { url = "https://files.pythonhosted.org/packages/d4/d1/95ef70afe169400d1878e69ed4fa8b8361e3c5d0a25d2d3d5c25e6347590/ruff-0.11.3-py3-none-manylinux_2_17_x86_64.manylinux2014_x86_64.whl", hash = "sha256:9686f5d1a2b4c918b5a6e9876bfe7f47498a990076624d41f57d17aadd02a4dd", size = 11356995 },
    { url = "https://files.pythonhosted.org/packages/92/fa/a1d68e12c9a2cb25bf8eef099381ca42ea3c8ed589fc4f04004466f4d19f/ruff-0.11.3-py3-none-musllinux_1_2_aarch64.whl", hash = "sha256:4800ddc4764d42d8961ce4cb972bcf5cc2730d11cca3f11f240d9f7360460408", size = 10287108 },
    { url = "https://files.pythonhosted.org/packages/3c/31/711a3f2c0972f44e3770951a19a1b6ea551b9b7c08f257518c35a46666bd/ruff-0.11.3-py3-none-musllinux_1_2_armv7l.whl", hash = "sha256:e63a2808879361aa9597d88d86380d8fb934953ef91f5ff3dafe18d9cb0b1e14", size = 9933317 },
    { url = "https://files.pythonhosted.org/packages/c4/ee/8c8dd6ec903f29a4bd1bd4510d1c9ba1a955cd792601ac3822764c7397d8/ruff-0.11.3-py3-none-musllinux_1_2_i686.whl", hash = "sha256:8f8b1c4ae62638cc220df440140c21469232d8f2cb7f5059f395f7f48dcdb59e", size = 10966227 },
    { url = "https://files.pythonhosted.org/packages/f5/7c/ba479eb45803165dd3dc8accf32c7d52769f9011df958f983f2bcd40566f/ruff-0.11.3-py3-none-musllinux_1_2_x86_64.whl", hash = "sha256:3ea2026be50f6b1fbedd2d1757d004e1e58bd0f414efa2a6fa01235468d4c82a", size = 11412919 },
    { url = "https://files.pythonhosted.org/packages/51/a2/6878e74efef39cb0996342c48918aff9a9f5632d8d40c307610688d382ae/ruff-0.11.3-py3-none-win32.whl", hash = "sha256:73d8b90d12674a0c6e98cd9e235f2dcad09d1a80e559a585eac994bb536917a3", size = 10306265 },
    { url = "https://files.pythonhosted.org/packages/95/95/30646e735a201266ec93504a8640190e4a47a9efb10990cb095bf1111c3a/ruff-0.11.3-py3-none-win_amd64.whl", hash = "sha256:faf1bfb0a51fb3a82aa1112cb03658796acef978e37c7f807d3ecc50b52ecbf6", size = 11403990 },
    { url = "https://files.pythonhosted.org/packages/cd/2e/d04d606d0b13c2c8188111a4ff9a99811c40fe170e1523e20f13cf85235e/ruff-0.11.3-py3-none-win_arm64.whl", hash = "sha256:67f8b68d7ab909f08af1fb601696925a89d65083ae2bb3ab286e572b5dc456aa", size = 10525855 },
]
